
Microsoft Visual Studio Solution File, Format Version 12.00
# Visual Studio Version 16
VisualStudioVersion = 16.0.30523.141
MinimumVisualStudioVersion = 10.0.40219.1
Project("{9A19103F-16F7-4668-BE54-9A1E7A4F7556}") = "GRXoft.Extensions.DependencyInjection", "GRXoft.Extensions.DependencyInjection\GRXoft.Extensions.DependencyInjection.csproj", "{8A519402-F3E2-4F6A-860A-BDC3C06189CB}"
EndProject
Project("{2150E333-8FDC-42A3-9474-1A3956D46DE8}") = "Solution Items", "Solution Items", "{4BCC444B-67DF-41BC-933F-87271B74EA62}"
	ProjectSection(SolutionItems) = preProject
		Coverage\Coverage.ps1 = Coverage\Coverage.ps1
		Directory.Build.props = Directory.Build.props
	EndProjectSection
EndProject
Project("{9A19103F-16F7-4668-BE54-9A1E7A4F7556}") = "GRXoft.Extensions.DependencyInjection.Tests", "GRXoft.Extensions.DependencyInjection.Tests\GRXoft.Extensions.DependencyInjection.Tests.csproj", "{F1555CB9-95A8-451E-B474-381ABC643C39}"
EndProject
Global
	GlobalSection(SolutionConfigurationPlatforms) = preSolution
		Debug|Any CPU = Debug|Any CPU
		Release|Any CPU = Release|Any CPU
	EndGlobalSection
	GlobalSection(ProjectConfigurationPlatforms) = postSolution
		{8A519402-F3E2-4F6A-860A-BDC3C06189CB}.Debug|Any CPU.ActiveCfg = Debug|Any CPU
		{8A519402-F3E2-4F6A-860A-BDC3C06189CB}.Debug|Any CPU.Build.0 = Debug|Any CPU
		{8A519402-F3E2-4F6A-860A-BDC3C06189CB}.Release|Any CPU.ActiveCfg = Release|Any CPU
		{8A519402-F3E2-4F6A-860A-BDC3C06189CB}.Release|Any CPU.Build.0 = Release|Any CPU
		{F1555CB9-95A8-451E-B474-381ABC643C39}.Debug|Any CPU.ActiveCfg = Debug|Any CPU
		{F1555CB9-95A8-451E-B474-381ABC643C39}.Debug|Any CPU.Build.0 = Debug|Any CPU
		{F1555CB9-95A8-451E-B474-381ABC643C39}.Release|Any CPU.ActiveCfg = Release|Any CPU
		{F1555CB9-95A8-451E-B474-381ABC643C39}.Release|Any CPU.Build.0 = Release|Any CPU
	EndGlobalSection
	GlobalSection(SolutionProperties) = preSolution
		HideSolutionNode = FALSE
	EndGlobalSection
	GlobalSection(ExtensibilityGlobals) = postSolution
		SolutionGuid = {B4E16D12-27D3-4B11-8E97-9512AAB3982E}
	EndGlobalSection
EndGlobal
